{
  "lockfileVersion": 1,
  "workspaces": {
    "": {
      "name": "pocket-shell-web",
      "dependencies": {
        "@xterm/addon-fit": "^0.11.0",
        "@xterm/addon-web-links": "^0.12.0",
        "@xterm/addon-webgl": "^0.19.0",
        "@xterm/xterm": "^6.0.0",
      },
      "devDependencies": {
        "esbuild": "^0.19.0",
        "typescript": "^5.0.0",
      },
    },
  },
  "packages": {
    "@esbuild/aix-ppc64": ["@esbuild/aix-ppc64@0.19.12", "", { "os": "aix", "cpu": "ppc64" }, "sha512-bmoCYyWdEL3wDQIVbcyzRyeKLgk2WtWLTWz1ZIAZF/EGbNOwSA6ew3PftJ1PqMiOOGu0OyFMzG53L0zqIpPeNA=="],

    "@esbuild/android-arm": ["@esbuild/android-arm@0.19.12", "", { "os": "android", "cpu": "arm" }, "sha512-qg/Lj1mu3CdQlDEEiWrlC4eaPZ1KztwGJ9B6J+/6G+/4ewxJg7gqj8eVYWvao1bXrqGiW2rsBZFSX3q2lcW05w=="],

    "@esbuild/android-arm64": ["@esbuild/android-arm64@0.19.12", "", { "os": "android", "cpu": "arm64" }, "sha512-P0UVNGIienjZv3f5zq0DP3Nt2IE/3plFzuaS96vihvD0Hd6H/q4WXUGpCxD/E8YrSXfNyRPbpTq+T8ZQioSuPA=="],

    "@esbuild/android-x64": ["@esbuild/android-x64@0.19.12", "", { "os": "android", "cpu": "x64" }, "sha512-3k7ZoUW6Q6YqhdhIaq/WZ7HwBpnFBlW905Fa4s4qWJyiNOgT1dOqDiVAQFwBH7gBRZr17gLrlFCRzF6jFh7Kew=="],

    "@esbuild/darwin-arm64": ["@esbuild/darwin-arm64@0.19.12", "", { "os": "darwin", "cpu": "arm64" }, "sha512-B6IeSgZgtEzGC42jsI+YYu9Z3HKRxp8ZT3cqhvliEHovq8HSX2YX8lNocDn79gCKJXOSaEot9MVYky7AKjCs8g=="],

    "@esbuild/darwin-x64": ["@esbuild/darwin-x64@0.19.12", "", { "os": "darwin", "cpu": "x64" }, "sha512-hKoVkKzFiToTgn+41qGhsUJXFlIjxI/jSYeZf3ugemDYZldIXIxhvwN6erJGlX4t5h417iFuheZ7l+YVn05N3A=="],

    "@esbuild/freebsd-arm64": ["@esbuild/freebsd-arm64@0.19.12", "", { "os": "freebsd", "cpu": "arm64" }, "sha512-4aRvFIXmwAcDBw9AueDQ2YnGmz5L6obe5kmPT8Vd+/+x/JMVKCgdcRwH6APrbpNXsPz+K653Qg8HB/oXvXVukA=="],

    "@esbuild/freebsd-x64": ["@esbuild/freebsd-x64@0.19.12", "", { "os": "freebsd", "cpu": "x64" }, "sha512-EYoXZ4d8xtBoVN7CEwWY2IN4ho76xjYXqSXMNccFSx2lgqOG/1TBPW0yPx1bJZk94qu3tX0fycJeeQsKovA8gg=="],

    "@esbuild/linux-arm": ["@esbuild/linux-arm@0.19.12", "", { "os": "linux", "cpu": "arm" }, "sha512-J5jPms//KhSNv+LO1S1TX1UWp1ucM6N6XuL6ITdKWElCu8wXP72l9MM0zDTzzeikVyqFE6U8YAV9/tFyj0ti+w=="],

    "@esbuild/linux-arm64": ["@esbuild/linux-arm64@0.19.12", "", { "os": "linux", "cpu": "arm64" }, "sha512-EoTjyYyLuVPfdPLsGVVVC8a0p1BFFvtpQDB/YLEhaXyf/5bczaGeN15QkR+O4S5LeJ92Tqotve7i1jn35qwvdA=="],

    "@esbuild/linux-ia32": ["@esbuild/linux-ia32@0.19.12", "", { "os": "linux", "cpu": "ia32" }, "sha512-Thsa42rrP1+UIGaWz47uydHSBOgTUnwBwNq59khgIwktK6x60Hivfbux9iNR0eHCHzOLjLMLfUMLCypBkZXMHA=="],

    "@esbuild/linux-loong64": ["@esbuild/linux-loong64@0.19.12", "", { "os": "linux", "cpu": "none" }, "sha512-LiXdXA0s3IqRRjm6rV6XaWATScKAXjI4R4LoDlvO7+yQqFdlr1Bax62sRwkVvRIrwXxvtYEHHI4dm50jAXkuAA=="],

    "@esbuild/linux-mips64el": ["@esbuild/linux-mips64el@0.19.12", "", { "os": "linux", "cpu": "none" }, "sha512-fEnAuj5VGTanfJ07ff0gOA6IPsvrVHLVb6Lyd1g2/ed67oU1eFzL0r9WL7ZzscD+/N6i3dWumGE1Un4f7Amf+w=="],

    "@esbuild/linux-ppc64": ["@esbuild/linux-ppc64@0.19.12", "", { "os": "linux", "cpu": "ppc64" }, "sha512-nYJA2/QPimDQOh1rKWedNOe3Gfc8PabU7HT3iXWtNUbRzXS9+vgB0Fjaqr//XNbd82mCxHzik2qotuI89cfixg=="],

    "@esbuild/linux-riscv64": ["@esbuild/linux-riscv64@0.19.12", "", { "os": "linux", "cpu": "none" }, "sha512-2MueBrlPQCw5dVJJpQdUYgeqIzDQgw3QtiAHUC4RBz9FXPrskyyU3VI1hw7C0BSKB9OduwSJ79FTCqtGMWqJHg=="],

    "@esbuild/linux-s390x": ["@esbuild/linux-s390x@0.19.12", "", { "os": "linux", "cpu": "s390x" }, "sha512-+Pil1Nv3Umes4m3AZKqA2anfhJiVmNCYkPchwFJNEJN5QxmTs1uzyy4TvmDrCRNT2ApwSari7ZIgrPeUx4UZDg=="],

    "@esbuild/linux-x64": ["@esbuild/linux-x64@0.19.12", "", { "os": "linux", "cpu": "x64" }, "sha512-B71g1QpxfwBvNrfyJdVDexenDIt1CiDN1TIXLbhOw0KhJzE78KIFGX6OJ9MrtC0oOqMWf+0xop4qEU8JrJTwCg=="],

    "@esbuild/netbsd-x64": ["@esbuild/netbsd-x64@0.19.12", "", { "os": "none", "cpu": "x64" }, "sha512-3ltjQ7n1owJgFbuC61Oj++XhtzmymoCihNFgT84UAmJnxJfm4sYCiSLTXZtE00VWYpPMYc+ZQmB6xbSdVh0JWA=="],

    "@esbuild/openbsd-x64": ["@esbuild/openbsd-x64@0.19.12", "", { "os": "openbsd", "cpu": "x64" }, "sha512-RbrfTB9SWsr0kWmb9srfF+L933uMDdu9BIzdA7os2t0TXhCRjrQyCeOt6wVxr79CKD4c+p+YhCj31HBkYcXebw=="],

    "@esbuild/sunos-x64": ["@esbuild/sunos-x64@0.19.12", "", { "os": "sunos", "cpu": "x64" }, "sha512-HKjJwRrW8uWtCQnQOz9qcU3mUZhTUQvi56Q8DPTLLB+DawoiQdjsYq+j+D3s9I8VFtDr+F9CjgXKKC4ss89IeA=="],

    "@esbuild/win32-arm64": ["@esbuild/win32-arm64@0.19.12", "", { "os": "win32", "cpu": "arm64" }, "sha512-URgtR1dJnmGvX864pn1B2YUYNzjmXkuJOIqG2HdU62MVS4EHpU2946OZoTMnRUHklGtJdJZ33QfzdjGACXhn1A=="],

    "@esbuild/win32-ia32": ["@esbuild/win32-ia32@0.19.12", "", { "os": "win32", "cpu": "ia32" }, "sha512-+ZOE6pUkMOJfmxmBZElNOx72NKpIa/HFOMGzu8fqzQJ5kgf6aTGrcJaFsNiVMH4JKpMipyK+7k0n2UXN7a8YKQ=="],

    "@esbuild/win32-x64": ["@esbuild/win32-x64@0.19.12", "", { "os": "win32", "cpu": "x64" }, "sha512-T1QyPSDCyMXaO3pzBkF96E8xMkiRYbUEZADd29SyPGabqxMViNoii+NcK7eWJAEoU6RZyEm5lVSIjTmcdoB9HA=="],

    "@xterm/addon-fit": ["@xterm/addon-fit@0.11.0", "", {}, "sha512-jYcgT6xtVYhnhgxh3QgYDnnNMYTcf8ElbxxFzX0IZo+vabQqSPAjC3c1wJrKB5E19VwQei89QCiZZP86DCPF7g=="],

    "@xterm/addon-web-links": ["@xterm/addon-web-links@0.12.0", "", {}, "sha512-4Smom3RPyVp7ZMYOYDoC/9eGJJJqYhnPLGGqJ6wOBfB8VxPViJNSKdgRYb8NpaM6YSelEKbA2SStD7lGyqaobw=="],

    "@xterm/addon-webgl": ["@xterm/addon-webgl@0.19.0", "", {}, "sha512-b3fMOsyLVuCeNJWxolACEUED0vm7qC0cy4wRvf3oURSzDTYVQiGPhTnhWZwIHdvC48Y+oLhvYXnY4XDXPoJo6A=="],

    "@xterm/xterm": ["@xterm/xterm@6.0.0", "", {}, "sha512-TQwDdQGtwwDt+2cgKDLn0IRaSxYu1tSUjgKarSDkUM0ZNiSRXFpjxEsvc/Zgc5kq5omJ+V0a8/kIM2WD3sMOYg=="],

    "esbuild": ["esbuild@0.19.12", "", { "optionalDependencies": { "@esbuild/aix-ppc64": "0.19.12", "@esbuild/android-arm": "0.19.12", "@esbuild/android-arm64": "0.19.12", "@esbuild/android-x64": "0.19.12", "@esbuild/darwin-arm64": "0.19.12", "@esbuild/darwin-x64": "0.19.12", "@esbuild/freebsd-arm64": "0.19.12", "@esbuild/freebsd-x64": "0.19.12", "@esbuild/linux-arm": "0.19.12", "@esbuild/linux-arm64": "0.19.12", "@esbuild/linux-ia32": "0.19.12", "@esbuild/linux-loong64": "0.19.12", "@esbuild/linux-mips64el": "0.19.12", "@esbuild/linux-ppc64": "0.19.12", "@esbuild/linux-riscv64": "0.19.12", "@esbuild/linux-s390x": "0.19.12", "@esbuild/linux-x64": "0.19.12", "@esbuild/netbsd-x64": "0.19.12", "@esbuild/openbsd-x64": "0.19.12", "@esbuild/sunos-x64": "0.19.12", "@esbuild/win32-arm64": "0.19.12", "@esbuild/win32-ia32": "0.19.12", "@esbuild/win32-x64": "0.19.12" }, "bin": "bin/esbuild" }, "sha512-aARqgq8roFBj054KvQr5f1sFu0D65G+miZRCuJyJ0G13Zwx7vRar5Zhn2tkQNzIXcBrNVsv/8stehpj+GAjgbg=="],

    "typescript": ["typescript@5.9.3", "", { "bin": { "tsc": "bin/tsc", "tsserver": "bin/tsserver" } }, "sha512-jl1vZzPDinLr9eUt3J/t7V6FgNEw9QjvBPdysz9KfQDD41fQrC2Y4vKQdiaUpFT4bXlb1RHhLpp8wtm6M5TgSw=="],
  }
}
